
Microsoft Visual Studio Solution File, Format Version 12.00
# Visual Studio 15
VisualStudioVersion = 15.0.27130.2036
MinimumVisualStudioVersion = 10.0.40219.1
Project("{FAE04EC0-301F-11D3-BF4B-00C04F79EFBC}") = "AloGitHub", "AloGitHub\AloGitHub.csproj", "{ADCB19A6-337C-4928-B249-E32A3CEF165E}"
EndProject
Global
	GlobalSection(SolutionConfigurationPlatforms) = preSolution
		Debug|Any CPU = Debug|Any CPU
		Release|Any CPU = Release|Any CPU
	EndGlobalSection
	GlobalSection(ProjectConfigurationPlatforms) = postSolution
		{ADCB19A6-337C-4928-B249-E32A3CEF165E}.Debug|Any CPU.ActiveCfg = Debug|Any CPU
		{ADCB19A6-337C-4928-B249-E32A3CEF165E}.Debug|Any CPU.Build.0 = Debug|Any CPU
		{ADCB19A6-337C-4928-B249-E32A3CEF165E}.Release|Any CPU.ActiveCfg = Release|Any CPU
		{ADCB19A6-337C-4928-B249-E32A3CEF165E}.Release|Any CPU.Build.0 = Release|Any CPU
	EndGlobalSection
	GlobalSection(SolutionProperties) = preSolution
		HideSolutionNode = FALSE
	EndGlobalSection
	GlobalSection(ExtensibilityGlobals) = postSolution
		SolutionGuid = {16299B9A-FEFA-4688-88DE-EBBA956E7F0E}
	EndGlobalSection
EndGlobal
